
Microsoft Visual Studio Solution File, Format Version 12.00
# Visual Studio Version 16
VisualStudioVersion = 16.0.30803.129
MinimumVisualStudioVersion = 15.0.26124.0
Project("{9A19103F-16F7-4668-BE54-9A1E7A4F7556}") = "CQELight", "src\CQELight\CQELight.csproj", "{82DEB9BD-6871-4E7A-B979-F4D073E8211F}"
EndProject
Project("{9A19103F-16F7-4668-BE54-9A1E7A4F7556}") = "CQELight.AspCore", "src\CQELight.AspCore\CQELight.AspCore.csproj", "{8BB8FFF4-0712-40CF-82E0-A1A7D2976345}"
EndProject
Project("{9A19103F-16F7-4668-BE54-9A1E7A4F7556}") = "CQELight.Buses.AzureServiceBus", "src\CQELight.Buses.AzureServiceBus\CQELight.Buses.AzureServiceBus.csproj", "{48DA4204-83AC-4D45-A13C-D15B0A160D53}"
EndProject
Project("{9A19103F-16F7-4668-BE54-9A1E7A4F7556}") = "CQELight.Buses.InMemory", "src\CQELight.Buses.InMemory\CQELight.Buses.InMemory.csproj", "{9D8A889A-BBB3-42CA-958E-3FBC1413D722}"
EndProject
Project("{9A19103F-16F7-4668-BE54-9A1E7A4F7556}") = "CQELight.Buses.RabbitMQ", "src\CQELight.Buses.RabbitMQ\CQELight.Buses.RabbitMQ.csproj", "{FC34D0B2-9B1E-4A60-B653-E2D014EE4D29}"
EndProject
Project("{9A19103F-16F7-4668-BE54-9A1E7A4F7556}") = "CQELight.DAL.EFCore", "src\CQELight.DAL.EFCore\CQELight.DAL.EFCore.csproj", "{7B936800-F310-4B4C-B6CC-F94C80C6E98C}"
EndProject
Project("{9A19103F-16F7-4668-BE54-9A1E7A4F7556}") = "CQELight.DAL.MongoDb", "src\CQELight.DAL.MongoDb\CQELight.DAL.MongoDb.csproj", "{684293A4-09F8-48F7-ACEE-A49FFD00739C}"
EndProject
Project("{9A19103F-16F7-4668-BE54-9A1E7A4F7556}") = "CQELight.EventStore.EFCore", "src\CQELight.EventStore.EFCore\CQELight.EventStore.EFCore.csproj", "{24FEF455-F90F-43D0-A91A-85BD98C8C73E}"
EndProject
Project("{9A19103F-16F7-4668-BE54-9A1E7A4F7556}") = "CQELight.EventStore.MongoDb", "src\CQELight.EventStore.MongoDb\CQELight.EventStore.MongoDb.csproj", "{56D19DF7-2DCF-4104-BE25-173CC59CC742}"
EndProject
Project("{9A19103F-16F7-4668-BE54-9A1E7A4F7556}") = "CQELight.IoC.Autofac", "src\CQELight.IoC.Autofac\CQELight.IoC.Autofac.csproj", "{96B675ED-1F2A-4D02-8B95-54AA9014E750}"
EndProject
Project("{9A19103F-16F7-4668-BE54-9A1E7A4F7556}") = "CQELight.IoC.Microsoft.Extensions.DependencyInjection", "src\CQELight.IoC.Microsoft.Extensions.DependencyInjection\CQELight.IoC.Microsoft.Extensions.DependencyInjection.csproj", "{2A479CEE-0AEC-4AB9-B7DB-762AE67204AC}"
EndProject
Project("{9A19103F-16F7-4668-BE54-9A1E7A4F7556}") = "CQELight.MVVM", "src\CQELight.MVVM\CQELight.MVVM.csproj", "{53634F45-47F9-467A-91BA-1DDD4AA70924}"
EndProject
Project("{9A19103F-16F7-4668-BE54-9A1E7A4F7556}") = "CQELight.MVVM.MahApps", "src\CQELight.MVVM.MahApps\CQELight.MVVM.MahApps.csproj", "{CA1ABD4D-6751-496F-AA91-1D8C5766D537}"
EndProject
Project("{9A19103F-16F7-4668-BE54-9A1E7A4F7556}") = "CQELight.TestFramework", "src\CQELight.TestFramework\CQELight.TestFramework.csproj", "{DB206258-1BFB-4E7C-B4F0-C69A7ACE4F63}"
EndProject
Project("{9A19103F-16F7-4668-BE54-9A1E7A4F7556}") = "CQELight.TestFramework.MVVM", "src\CQELight.TestFramework.MVVM\CQELight.TestFramework.MVVM.csproj", "{37614663-10CC-4CE3-8570-23AC23D3C042}"
EndProject
Global
	GlobalSection(SolutionConfigurationPlatforms) = preSolution
		Debug|Any CPU = Debug|Any CPU
		Debug|x64 = Debug|x64
		Debug|x86 = Debug|x86
		Release|Any CPU = Release|Any CPU
		Release|x64 = Release|x64
		Release|x86 = Release|x86
	EndGlobalSection
	GlobalSection(ProjectConfigurationPlatforms) = postSolution
		{82DEB9BD-6871-4E7A-B979-F4D073E8211F}.Debug|Any CPU.ActiveCfg = Debug|Any CPU
		{82DEB9BD-6871-4E7A-B979-F4D073E8211F}.Debug|Any CPU.Build.0 = Debug|Any CPU
		{82DEB9BD-6871-4E7A-B979-F4D073E8211F}.Debug|x64.ActiveCfg = Debug|Any CPU
		{82DEB9BD-6871-4E7A-B979-F4D073E8211F}.Debug|x64.Build.0 = Debug|Any CPU
		{82DEB9BD-6871-4E7A-B979-F4D073E8211F}.Debug|x86.ActiveCfg = Debug|Any CPU
		{82DEB9BD-6871-4E7A-B979-F4D073E8211F}.Debug|x86.Build.0 = Debug|Any CPU
		{82DEB9BD-6871-4E7A-B979-F4D073E8211F}.Release|Any CPU.ActiveCfg = Release|Any CPU
		{82DEB9BD-6871-4E7A-B979-F4D073E8211F}.Release|Any CPU.Build.0 = Release|Any CPU
		{82DEB9BD-6871-4E7A-B979-F4D073E8211F}.Release|x64.ActiveCfg = Release|Any CPU
		{82DEB9BD-6871-4E7A-B979-F4D073E8211F}.Release|x64.Build.0 = Release|Any CPU
		{82DEB9BD-6871-4E7A-B979-F4D073E8211F}.Release|x86.ActiveCfg = Release|Any CPU
		{82DEB9BD-6871-4E7A-B979-F4D073E8211F}.Release|x86.Build.0 = Release|Any CPU
		{8BB8FFF4-0712-40CF-82E0-A1A7D2976345}.Debug|Any CPU.ActiveCfg = Debug|Any CPU
		{8BB8FFF4-0712-40CF-82E0-A1A7D2976345}.Debug|Any CPU.Build.0 = Debug|Any CPU
		{8BB8FFF4-0712-40CF-82E0-A1A7D2976345}.Debug|x64.ActiveCfg = Debug|Any CPU
		{8BB8FFF4-0712-40CF-82E0-A1A7D2976345}.Debug|x64.Build.0 = Debug|Any CPU
		{8BB8FFF4-0712-40CF-82E0-A1A7D2976345}.Debug|x86.ActiveCfg = Debug|Any CPU
		{8BB8FFF4-0712-40CF-82E0-A1A7D2976345}.Debug|x86.Build.0 = Debug|Any CPU
		{8BB8FFF4-0712-40CF-82E0-A1A7D2976345}.Release|Any CPU.ActiveCfg = Release|Any CPU
		{8BB8FFF4-0712-40CF-82E0-A1A7D2976345}.Release|Any CPU.Build.0 = Release|Any CPU
		{8BB8FFF4-0712-40CF-82E0-A1A7D2976345}.Release|x64.ActiveCfg = Release|Any CPU
		{8BB8FFF4-0712-40CF-82E0-A1A7D2976345}.Release|x64.Build.0 = Release|Any CPU
		{8BB8FFF4-0712-40CF-82E0-A1A7D2976345}.Release|x86.ActiveCfg = Release|Any CPU
		{8BB8FFF4-0712-40CF-82E0-A1A7D2976345}.Release|x86.Build.0 = Release|Any CPU
		{48DA4204-83AC-4D45-A13C-D15B0A160D53}.Debug|Any CPU.ActiveCfg = Debug|Any CPU
		{48DA4204-83AC-4D45-A13C-D15B0A160D53}.Debug|Any CPU.Build.0 = Debug|Any CPU
		{48DA4204-83AC-4D45-A13C-D15B0A160D53}.Debug|x64.ActiveCfg = Debug|Any CPU
		{48DA4204-83AC-4D45-A13C-D15B0A160D53}.Debug|x64.Build.0 = Debug|Any CPU
		{48DA4204-83AC-4D45-A13C-D15B0A160D53}.Debug|x86.ActiveCfg = Debug|Any CPU
		{48DA4204-83AC-4D45-A13C-D15B0A160D53}.Debug|x86.Build.0 = Debug|Any CPU
		{48DA4204-83AC-4D45-A13C-D15B0A160D53}.Release|Any CPU.ActiveCfg = Release|Any CPU
		{48DA4204-83AC-4D45-A13C-D15B0A160D53}.Release|Any CPU.Build.0 = Release|Any CPU
		{48DA4204-83AC-4D45-A13C-D15B0A160D53}.Release|x64.ActiveCfg = Release|Any CPU
		{48DA4204-83AC-4D45-A13C-D15B0A160D53}.Release|x64.Build.0 = Release|Any CPU
		{48DA4204-83AC-4D45-A13C-D15B0A160D53}.Release|x86.ActiveCfg = Release|Any CPU
		{48DA4204-83AC-4D45-A13C-D15B0A160D53}.Release|x86.Build.0 = Release|Any CPU
		{9D8A889A-BBB3-42CA-958E-3FBC1413D722}.Debug|Any CPU.ActiveCfg = Debug|Any CPU
		{9D8A889A-BBB3-42CA-958E-3FBC1413D722}.Debug|Any CPU.Build.0 = Debug|Any CPU
		{9D8A889A-BBB3-42CA-958E-3FBC1413D722}.Debug|x64.ActiveCfg = Debug|Any CPU
		{9D8A889A-BBB3-42CA-958E-3FBC1413D722}.Debug|x64.Build.0 = Debug|Any CPU
		{9D8A889A-BBB3-42CA-958E-3FBC1413D722}.Debug|x86.ActiveCfg = Debug|Any CPU
		{9D8A889A-BBB3-42CA-958E-3FBC1413D722}.Debug|x86.Build.0 = Debug|Any CPU
		{9D8A889A-BBB3-42CA-958E-3FBC1413D722}.Release|Any CPU.ActiveCfg = Release|Any CPU
		{9D8A889A-BBB3-42CA-958E-3FBC1413D722}.Release|Any CPU.Build.0 = Release|Any CPU
		{9D8A889A-BBB3-42CA-958E-3FBC1413D722}.Release|x64.ActiveCfg = Release|Any CPU
		{9D8A889A-BBB3-42CA-958E-3FBC1413D722}.Release|x64.Build.0 = Release|Any CPU
		{9D8A889A-BBB3-42CA-958E-3FBC1413D722}.Release|x86.ActiveCfg = Release|Any CPU
		{9D8A889A-BBB3-42CA-958E-3FBC1413D722}.Release|x86.Build.0 = Release|Any CPU
		{FC34D0B2-9B1E-4A60-B653-E2D014EE4D29}.Debug|Any CPU.ActiveCfg = Debug|Any CPU
		{FC34D0B2-9B1E-4A60-B653-E2D014EE4D29}.Debug|Any CPU.Build.0 = Debug|Any CPU
		{FC34D0B2-9B1E-4A60-B653-E2D014EE4D29}.Debug|x64.ActiveCfg = Debug|Any CPU
		{FC34D0B2-9B1E-4A60-B653-E2D014EE4D29}.Debug|x64.Build.0 = Debug|Any CPU
		{FC34D0B2-9B1E-4A60-B653-E2D014EE4D29}.Debug|x86.ActiveCfg = Debug|Any CPU
		{FC34D0B2-9B1E-4A60-B653-E2D014EE4D29}.Debug|x86.Build.0 = Debug|Any CPU
		{FC34D0B2-9B1E-4A60-B653-E2D014EE4D29}.Release|Any CPU.ActiveCfg = Release|Any CPU
		{FC34D0B2-9B1E-4A60-B653-E2D014EE4D29}.Release|Any CPU.Build.0 = Release|Any CPU
		{FC34D0B2-9B1E-4A60-B653-E2D014EE4D29}.Release|x64.ActiveCfg = Release|Any CPU
		{FC34D0B2-9B1E-4A60-B653-E2D014EE4D29}.Release|x64.Build.0 = Release|Any CPU
		{FC34D0B2-9B1E-4A60-B653-E2D014EE4D29}.Release|x86.ActiveCfg = Release|Any CPU
		{FC34D0B2-9B1E-4A60-B653-E2D014EE4D29}.Release|x86.Build.0 = Release|Any CPU
		{7B936800-F310-4B4C-B6CC-F94C80C6E98C}.Debug|Any CPU.ActiveCfg = Debug|Any CPU
		{7B936800-F310-4B4C-B6CC-F94C80C6E98C}.Debug|Any CPU.Build.0 = Debug|Any CPU
		{7B936800-F310-4B4C-B6CC-F94C80C6E98C}.Debug|x64.ActiveCfg = Debug|Any CPU
		{7B936800-F310-4B4C-B6CC-F94C80C6E98C}.Debug|x64.Build.0 = Debug|Any CPU
		{7B936800-F310-4B4C-B6CC-F94C80C6E98C}.Debug|x86.ActiveCfg = Debug|Any CPU
		{7B936800-F310-4B4C-B6CC-F94C80C6E98C}.Debug|x86.Build.0 = Debug|Any CPU
		{7B936800-F310-4B4C-B6CC-F94C80C6E98C}.Release|Any CPU.ActiveCfg = Release|Any CPU
		{7B936800-F310-4B4C-B6CC-F94C80C6E98C}.Release|Any CPU.Build.0 = Release|Any CPU
		{7B936800-F310-4B4C-B6CC-F94C80C6E98C}.Release|x64.ActiveCfg = Release|Any CPU
		{7B936800-F310-4B4C-B6CC-F94C80C6E98C}.Release|x64.Build.0 = Release|Any CPU
		{7B936800-F310-4B4C-B6CC-F94C80C6E98C}.Release|x86.ActiveCfg = Release|Any CPU
		{7B936800-F310-4B4C-B6CC-F94C80C6E98C}.Release|x86.Build.0 = Release|Any CPU
		{684293A4-09F8-48F7-ACEE-A49FFD00739C}.Debug|Any CPU.ActiveCfg = Debug|Any CPU
		{684293A4-09F8-48F7-ACEE-A49FFD00739C}.Debug|Any CPU.Build.0 = Debug|Any CPU
		{684293A4-09F8-48F7-ACEE-A49FFD00739C}.Debug|x64.ActiveCfg = Debug|Any CPU
		{684293A4-09F8-48F7-ACEE-A49FFD00739C}.Debug|x64.Build.0 = Debug|Any CPU
		{684293A4-09F8-48F7-ACEE-A49FFD00739C}.Debug|x86.ActiveCfg = Debug|Any CPU
		{684293A4-09F8-48F7-ACEE-A49FFD00739C}.Debug|x86.Build.0 = Debug|Any CPU
		{684293A4-09F8-48F7-ACEE-A49FFD00739C}.Release|Any CPU.ActiveCfg = Release|Any CPU
		{684293A4-09F8-48F7-ACEE-A49FFD00739C}.Release|Any CPU.Build.0 = Release|Any CPU
		{684293A4-09F8-48F7-ACEE-A49FFD00739C}.Release|x64.ActiveCfg = Release|Any CPU
		{684293A4-09F8-48F7-ACEE-A49FFD00739C}.Release|x64.Build.0 = Release|Any CPU
		{684293A4-09F8-48F7-ACEE-A49FFD00739C}.Release|x86.ActiveCfg = Release|Any CPU
		{684293A4-09F8-48F7-ACEE-A49FFD00739C}.Release|x86.Build.0 = Release|Any CPU
		{24FEF455-F90F-43D0-A91A-85BD98C8C73E}.Debug|Any CPU.ActiveCfg = Debug|Any CPU
		{24FEF455-F90F-43D0-A91A-85BD98C8C73E}.Debug|Any CPU.Build.0 = Debug|Any CPU
		{24FEF455-F90F-43D0-A91A-85BD98C8C73E}.Debug|x64.ActiveCfg = Debug|Any CPU
		{24FEF455-F90F-43D0-A91A-85BD98C8C73E}.Debug|x64.Build.0 = Debug|Any CPU
		{24FEF455-F90F-43D0-A91A-85BD98C8C73E}.Debug|x86.ActiveCfg = Debug|Any CPU
		{24FEF455-F90F-43D0-A91A-85BD98C8C73E}.Debug|x86.Build.0 = Debug|Any CPU
		{24FEF455-F90F-43D0-A91A-85BD98C8C73E}.Release|Any CPU.ActiveCfg = Release|Any CPU
		{24FEF455-F90F-43D0-A91A-85BD98C8C73E}.Release|Any CPU.Build.0 = Release|Any CPU
		{24FEF455-F90F-43D0-A91A-85BD98C8C73E}.Release|x64.ActiveCfg = Release|Any CPU
		{24FEF455-F90F-43D0-A91A-85BD98C8C73E}.Release|x64.Build.0 = Release|Any CPU
		{24FEF455-F90F-43D0-A91A-85BD98C8C73E}.Release|x86.ActiveCfg = Release|Any CPU
		{24FEF455-F90F-43D0-A91A-85BD98C8C73E}.Release|x86.Build.0 = Release|Any CPU
		{56D19DF7-2DCF-4104-BE25-173CC59CC742}.Debug|Any CPU.ActiveCfg = Debug|Any CPU
		{56D19DF7-2DCF-4104-BE25-173CC59CC742}.Debug|Any CPU.Build.0 = Debug|Any CPU
		{56D19DF7-2DCF-4104-BE25-173CC59CC742}.Debug|x64.ActiveCfg = Debug|Any CPU
		{56D19DF7-2DCF-4104-BE25-173CC59CC742}.Debug|x64.Build.0 = Debug|Any CPU
		{56D19DF7-2DCF-4104-BE25-173CC59CC742}.Debug|x86.ActiveCfg = Debug|Any CPU
		{56D19DF7-2DCF-4104-BE25-173CC59CC742}.Debug|x86.Build.0 = Debug|Any CPU
		{56D19DF7-2DCF-4104-BE25-173CC59CC742}.Release|Any CPU.ActiveCfg = Release|Any CPU
		{56D19DF7-2DCF-4104-BE25-173CC59CC742}.Release|Any CPU.Build.0 = Release|Any CPU
		{56D19DF7-2DCF-4104-BE25-173CC59CC742}.Release|x64.ActiveCfg = Release|Any CPU
		{56D19DF7-2DCF-4104-BE25-173CC59CC742}.Release|x64.Build.0 = Release|Any CPU
		{56D19DF7-2DCF-4104-BE25-173CC59CC742}.Release|x86.ActiveCfg = Release|Any CPU
		{56D19DF7-2DCF-4104-BE25-173CC59CC742}.Release|x86.Build.0 = Release|Any CPU
		{96B675ED-1F2A-4D02-8B95-54AA9014E750}.Debug|Any CPU.ActiveCfg = Debug|Any CPU
		{96B675ED-1F2A-4D02-8B95-54AA9014E750}.Debug|Any CPU.Build.0 = Debug|Any CPU
		{96B675ED-1F2A-4D02-8B95-54AA9014E750}.Debug|x64.ActiveCfg = Debug|Any CPU
		{96B675ED-1F2A-4D02-8B95-54AA9014E750}.Debug|x64.Build.0 = Debug|Any CPU
		{96B675ED-1F2A-4D02-8B95-54AA9014E750}.Debug|x86.ActiveCfg = Debug|Any CPU
		{96B675ED-1F2A-4D02-8B95-54AA9014E750}.Debug|x86.Build.0 = Debug|Any CPU
		{96B675ED-1F2A-4D02-8B95-54AA9014E750}.Release|Any CPU.ActiveCfg = Release|Any CPU
		{96B675ED-1F2A-4D02-8B95-54AA9014E750}.Release|Any CPU.Build.0 = Release|Any CPU
		{96B675ED-1F2A-4D02-8B95-54AA9014E750}.Release|x64.ActiveCfg = Release|Any CPU
		{96B675ED-1F2A-4D02-8B95-54AA9014E750}.Release|x64.Build.0 = Release|Any CPU
		{96B675ED-1F2A-4D02-8B95-54AA9014E750}.Release|x86.ActiveCfg = Release|Any CPU
		{96B675ED-1F2A-4D02-8B95-54AA9014E750}.Release|x86.Build.0 = Release|Any CPU
		{2A479CEE-0AEC-4AB9-B7DB-762AE67204AC}.Debug|Any CPU.ActiveCfg = Debug|Any CPU
		{2A479CEE-0AEC-4AB9-B7DB-762AE67204AC}.Debug|Any CPU.Build.0 = Debug|Any CPU
		{2A479CEE-0AEC-4AB9-B7DB-762AE67204AC}.Debug|x64.ActiveCfg = Debug|Any CPU
		{2A479CEE-0AEC-4AB9-B7DB-762AE67204AC}.Debug|x64.Build.0 = Debug|Any CPU
		{2A479CEE-0AEC-4AB9-B7DB-762AE67204AC}.Debug|x86.ActiveCfg = Debug|Any CPU
		{2A479CEE-0AEC-4AB9-B7DB-762AE67204AC}.Debug|x86.Build.0 = Debug|Any CPU
		{2A479CEE-0AEC-4AB9-B7DB-762AE67204AC}.Release|Any CPU.ActiveCfg = Release|Any CPU
		{2A479CEE-0AEC-4AB9-B7DB-762AE67204AC}.Release|Any CPU.Build.0 = Release|Any CPU
		{2A479CEE-0AEC-4AB9-B7DB-762AE67204AC}.Release|x64.ActiveCfg = Release|Any CPU
		{2A479CEE-0AEC-4AB9-B7DB-762AE67204AC}.Release|x64.Build.0 = Release|Any CPU
		{2A479CEE-0AEC-4AB9-B7DB-762AE67204AC}.Release|x86.ActiveCfg = Release|Any CPU
		{2A479CEE-0AEC-4AB9-B7DB-762AE67204AC}.Release|x86.Build.0 = Release|Any CPU
		{53634F45-47F9-467A-91BA-1DDD4AA70924}.Debug|Any CPU.ActiveCfg = Debug|Any CPU
		{53634F45-47F9-467A-91BA-1DDD4AA70924}.Debug|Any CPU.Build.0 = Debug|Any CPU
		{53634F45-47F9-467A-91BA-1DDD4AA70924}.Debug|x64.ActiveCfg = Debug|Any CPU
		{53634F45-47F9-467A-91BA-1DDD4AA70924}.Debug|x64.Build.0 = Debug|Any CPU
		{53634F45-47F9-467A-91BA-1DDD4AA70924}.Debug|x86.ActiveCfg = Debug|Any CPU
		{53634F45-47F9-467A-91BA-1DDD4AA70924}.Debug|x86.Build.0 = Debug|Any CPU
		{53634F45-47F9-467A-91BA-1DDD4AA70924}.Release|Any CPU.ActiveCfg = Release|Any CPU
		{53634F45-47F9-467A-91BA-1DDD4AA70924}.Release|Any CPU.Build.0 = Release|Any CPU
		{53634F45-47F9-467A-91BA-1DDD4AA70924}.Release|x64.ActiveCfg = Release|Any CPU
		{53634F45-47F9-467A-91BA-1DDD4AA70924}.Release|x64.Build.0 = Release|Any CPU
		{53634F45-47F9-467A-91BA-1DDD4AA70924}.Release|x86.ActiveCfg = Release|Any CPU
		{53634F45-47F9-467A-91BA-1DDD4AA70924}.Release|x86.Build.0 = Release|Any CPU
		{CA1ABD4D-6751-496F-AA91-1D8C5766D537}.Debug|Any CPU.ActiveCfg = Debug|Any CPU
		{CA1ABD4D-6751-496F-AA91-1D8C5766D537}.Debug|Any CPU.Build.0 = Debug|Any CPU
		{CA1ABD4D-6751-496F-AA91-1D8C5766D537}.Debug|x64.ActiveCfg = Debug|Any CPU
		{CA1ABD4D-6751-496F-AA91-1D8C5766D537}.Debug|x64.Build.0 = Debug|Any CPU
		{CA1ABD4D-6751-496F-AA91-1D8C5766D537}.Debug|x86.ActiveCfg = Debug|Any CPU
		{CA1ABD4D-6751-496F-AA91-1D8C5766D537}.Debug|x86.Build.0 = Debug|Any CPU
		{CA1ABD4D-6751-496F-AA91-1D8C5766D537}.Release|Any CPU.ActiveCfg = Release|Any CPU
		{CA1ABD4D-6751-496F-AA91-1D8C5766D537}.Release|Any CPU.Build.0 = Release|Any CPU
		{CA1ABD4D-6751-496F-AA91-1D8C5766D537}.Release|x64.ActiveCfg = Release|Any CPU
		{CA1ABD4D-6751-496F-AA91-1D8C5766D537}.Release|x64.Build.0 = Release|Any CPU
		{CA1ABD4D-6751-496F-AA91-1D8C5766D537}.Release|x86.ActiveCfg = Release|Any CPU
		{CA1ABD4D-6751-496F-AA91-1D8C5766D537}.Release|x86.Build.0 = Release|Any CPU
		{DB206258-1BFB-4E7C-B4F0-C69A7ACE4F63}.Debug|Any CPU.ActiveCfg = Debug|Any CPU
		{DB206258-1BFB-4E7C-B4F0-C69A7ACE4F63}.Debug|Any CPU.Build.0 = Debug|Any CPU
		{DB206258-1BFB-4E7C-B4F0-C69A7ACE4F63}.Debug|x64.ActiveCfg = Debug|Any CPU
		{DB206258-1BFB-4E7C-B4F0-C69A7ACE4F63}.Debug|x64.Build.0 = Debug|Any CPU
		{DB206258-1BFB-4E7C-B4F0-C69A7ACE4F63}.Debug|x86.ActiveCfg = Debug|Any CPU
		{DB206258-1BFB-4E7C-B4F0-C69A7ACE4F63}.Debug|x86.Build.0 = Debug|Any CPU
		{DB206258-1BFB-4E7C-B4F0-C69A7ACE4F63}.Release|Any CPU.ActiveCfg = Release|Any CPU
		{DB206258-1BFB-4E7C-B4F0-C69A7ACE4F63}.Release|Any CPU.Build.0 = Release|Any CPU
		{DB206258-1BFB-4E7C-B4F0-C69A7ACE4F63}.Release|x64.ActiveCfg = Release|Any CPU
		{DB206258-1BFB-4E7C-B4F0-C69A7ACE4F63}.Release|x64.Build.0 = Release|Any CPU
		{DB206258-1BFB-4E7C-B4F0-C69A7ACE4F63}.Release|x86.ActiveCfg = Release|Any CPU
		{DB206258-1BFB-4E7C-B4F0-C69A7ACE4F63}.Release|x86.Build.0 = Release|Any CPU
		{37614663-10CC-4CE3-8570-23AC23D3C042}.Debug|Any CPU.ActiveCfg = Debug|Any CPU
		{37614663-10CC-4CE3-8570-23AC23D3C042}.Debug|Any CPU.Build.0 = Debug|Any CPU
		{37614663-10CC-4CE3-8570-23AC23D3C042}.Debug|x64.ActiveCfg = Debug|Any CPU
		{37614663-10CC-4CE3-8570-23AC23D3C042}.Debug|x64.Build.0 = Debug|Any CPU
		{37614663-10CC-4CE3-8570-23AC23D3C042}.Debug|x86.ActiveCfg = Debug|Any CPU
		{37614663-10CC-4CE3-8570-23AC23D3C042}.Debug|x86.Build.0 = Debug|Any CPU
		{37614663-10CC-4CE3-8570-23AC23D3C042}.Release|Any CPU.ActiveCfg = Release|Any CPU
		{37614663-10CC-4CE3-8570-23AC23D3C042}.Release|Any CPU.Build.0 = Release|Any CPU
		{37614663-10CC-4CE3-8570-23AC23D3C042}.Release|x64.ActiveCfg = Release|Any CPU
		{37614663-10CC-4CE3-8570-23AC23D3C042}.Release|x64.Build.0 = Release|Any CPU
		{37614663-10CC-4CE3-8570-23AC23D3C042}.Release|x86.ActiveCfg = Release|Any CPU
		{37614663-10CC-4CE3-8570-23AC23D3C042}.Release|x86.Build.0 = Release|Any CPU
	EndGlobalSection
	GlobalSection(SolutionProperties) = preSolution
		HideSolutionNode = FALSE
	EndGlobalSection
	GlobalSection(ExtensibilityGlobals) = postSolution
		SolutionGuid = {4F6EC2FF-86C4-4575-A2FB-27F8D99DA33C}
	EndGlobalSection
EndGlobal
